// !$*UTF8*$!
{
	archiveVersion = 1;
	classes = {
	};
	objectVersion = 56;
	objects = {

/* Begin PBXBuildFile section */
		B10000000000000000000001 /* MosulApp.swift in Sources */ = {isa = PBXBuildFile; fileRef = B20000000000000000000001 /* MosulApp.swift */; };
		B10000000000000000000002 /* ContentView.swift in Sources */ = {isa = PBXBuildFile; fileRef = B20000000000000000000002 /* ContentView.swift */; };
		B10000000000000000000003 /* MosulGameModel.swift in Sources */ = {isa = PBXBuildFile; fileRef = B20000000000000000000003 /* MosulGameModel.swift */; };
		B10000000000000000000004 /* TacticalMapView.swift in Sources */ = {isa = PBXBuildFile; fileRef = B20000000000000000000004 /* TacticalMapView.swift */; };
		B10000000000000000000013 /* MosulVersion.swift in Sources */ = {isa = PBXBuildFile; fileRef = B20000000000000000000016 /* MosulVersion.swift */; };
		B10000000000000000000014 /* SnapshotController.swift in Sources */ = {isa = PBXBuildFile; fileRef = B20000000000000000000017 /* SnapshotController.swift */; };
		B10000000000000000000015 /* MosulSpriteManifest.swift in Sources */ = {isa = PBXBuildFile; fileRef = B20000000000000000000018 /* MosulSpriteManifest.swift */; };
		B10000000000000000000016 /* MosulAudioController.swift in Sources */ = {isa = PBXBuildFile; fileRef = B20000000000000000000019 /* MosulAudioController.swift */; };
		B10000000000000000000017 /* MosulAudioTypes.swift in Sources */ = {isa = PBXBuildFile; fileRef = B20000000000000000000020 /* MosulAudioTypes.swift */; };
		B10000000000000000000005 /* MosulEngineBridge.c in Sources */ = {isa = PBXBuildFile; fileRef = B20000000000000000000005 /* MosulEngineBridge.c */; };
		B10000000000000000000006 /* mk_core.c in Sources */ = {isa = PBXBuildFile; fileRef = B20000000000000000000008 /* mk_core.c */; };
		B10000000000000000000007 /* mk_log.c in Sources */ = {isa = PBXBuildFile; fileRef = B20000000000000000000009 /* mk_log.c */; };
		B10000000000000000000008 /* mk_asset_manifest.c in Sources */ = {isa = PBXBuildFile; fileRef = B20000000000000000000010 /* mk_asset_manifest.c */; };
		B10000000000000000000009 /* mk_ai.c in Sources */ = {isa = PBXBuildFile; fileRef = B20000000000000000000011 /* mk_ai.c */; };
		B10000000000000000000010 /* mk_board_view.c in Sources */ = {isa = PBXBuildFile; fileRef = B20000000000000000000012 /* mk_board_view.c */; };
		B10000000000000000000011 /* mk_mosul_demo.c in Sources */ = {isa = PBXBuildFile; fileRef = B20000000000000000000013 /* mk_mosul_demo.c */; };
		B10000000000000000000012 /* mk_mosul_scenario_data.c in Sources */ = {isa = PBXBuildFile; fileRef = B20000000000000000000014 /* mk_mosul_scenario_data.c */; };
/* End PBXBuildFile section */

/* Begin PBXFileReference section */
		B20000000000000000000001 /* MosulApp.swift */ = {isa = PBXFileReference; lastKnownFileType = sourcecode.swift; path = Mac/Mosul/App/MosulApp.swift; sourceTree = SOURCE_ROOT; };
		B20000000000000000000002 /* ContentView.swift */ = {isa = PBXFileReference; lastKnownFileType = sourcecode.swift; path = Mac/Mosul/App/ContentView.swift; sourceTree = SOURCE_ROOT; };
		B20000000000000000000003 /* MosulGameModel.swift */ = {isa = PBXFileReference; lastKnownFileType = sourcecode.swift; path = Mac/Mosul/App/MosulGameModel.swift; sourceTree = SOURCE_ROOT; };
		B20000000000000000000004 /* TacticalMapView.swift */ = {isa = PBXFileReference; lastKnownFileType = sourcecode.swift; path = Mac/Mosul/App/TacticalMapView.swift; sourceTree = SOURCE_ROOT; };
		B20000000000000000000016 /* MosulVersion.swift */ = {isa = PBXFileReference; lastKnownFileType = sourcecode.swift; path = Mac/Mosul/App/MosulVersion.swift; sourceTree = SOURCE_ROOT; };
		B20000000000000000000017 /* SnapshotController.swift */ = {isa = PBXFileReference; lastKnownFileType = sourcecode.swift; path = Mac/Mosul/App/SnapshotController.swift; sourceTree = SOURCE_ROOT; };
		B20000000000000000000018 /* MosulSpriteManifest.swift */ = {isa = PBXFileReference; lastKnownFileType = sourcecode.swift; path = Mac/Mosul/App/MosulSpriteManifest.swift; sourceTree = SOURCE_ROOT; };
		B20000000000000000000019 /* MosulAudioController.swift */ = {isa = PBXFileReference; lastKnownFileType = sourcecode.swift; path = Mac/Mosul/App/MosulAudioController.swift; sourceTree = SOURCE_ROOT; };
		B20000000000000000000020 /* MosulAudioTypes.swift */ = {isa = PBXFileReference; lastKnownFileType = sourcecode.swift; path = Mac/Mosul/App/MosulAudioTypes.swift; sourceTree = SOURCE_ROOT; };
		B20000000000000000000005 /* MosulEngineBridge.c */ = {isa = PBXFileReference; lastKnownFileType = sourcecode.c.c; path = Mac/Mosul/Bridge/MosulEngineBridge.c; sourceTree = SOURCE_ROOT; };
		B20000000000000000000006 /* MosulEngineBridge.h */ = {isa = PBXFileReference; lastKnownFileType = sourcecode.c.h; path = Mac/Mosul/Bridge/MosulEngineBridge.h; sourceTree = SOURCE_ROOT; };
		B20000000000000000000007 /* Mosul-Bridging-Header.h */ = {isa = PBXFileReference; lastKnownFileType = sourcecode.c.h; path = Mac/Mosul/Bridge/Mosul-Bridging-Header.h; sourceTree = SOURCE_ROOT; };
		B20000000000000000000008 /* mk_core.c */ = {isa = PBXFileReference; lastKnownFileType = sourcecode.c.c; path = modernerKrieg/engine/core/src/mk_core.c; sourceTree = SOURCE_ROOT; };
		B20000000000000000000009 /* mk_log.c */ = {isa = PBXFileReference; lastKnownFileType = sourcecode.c.c; path = modernerKrieg/engine/core/src/mk_log.c; sourceTree = SOURCE_ROOT; };
		B20000000000000000000010 /* mk_asset_manifest.c */ = {isa = PBXFileReference; lastKnownFileType = sourcecode.c.c; path = modernerKrieg/engine/assets/src/mk_asset_manifest.c; sourceTree = SOURCE_ROOT; };
		B20000000000000000000011 /* mk_ai.c */ = {isa = PBXFileReference; lastKnownFileType = sourcecode.c.c; path = modernerKrieg/engine/ai/src/mk_ai.c; sourceTree = SOURCE_ROOT; };
		B20000000000000000000012 /* mk_board_view.c */ = {isa = PBXFileReference; lastKnownFileType = sourcecode.c.c; path = modernerKrieg/engine/render/src/mk_board_view.c; sourceTree = SOURCE_ROOT; };
		B20000000000000000000013 /* mk_mosul_demo.c */ = {isa = PBXFileReference; lastKnownFileType = sourcecode.c.c; path = modernerKrieg/game/mosul/src/mk_mosul_demo.c; sourceTree = SOURCE_ROOT; };
		B20000000000000000000014 /* mk_mosul_scenario_data.c */ = {isa = PBXFileReference; lastKnownFileType = sourcecode.c.c; path = modernerKrieg/game/mosul/src/mk_mosul_scenario_data.c; sourceTree = SOURCE_ROOT; };
		B20000000000000000000015 /* Mac README.md */ = {isa = PBXFileReference; lastKnownFileType = net.daringfireball.markdown; path = Mac/README.md; sourceTree = SOURCE_ROOT; };
		B20000000000000000000099 /* MosulGame.app */ = {isa = PBXFileReference; explicitFileType = wrapper.application; includeInIndex = 0; path = MosulGame.app; sourceTree = BUILT_PRODUCTS_DIR; };
/* End PBXFileReference section */

/* Begin PBXFrameworksBuildPhase section */
		B30000000000000000000001 /* Frameworks */ = {
			isa = PBXFrameworksBuildPhase;
			buildActionMask = 2147483647;
			files = (
			);
			runOnlyForDeploymentPostprocessing = 0;
		};
/* End PBXFrameworksBuildPhase section */

/* Begin PBXGroup section */
		B40000000000000000000001 = {
			isa = PBXGroup;
			children = (
				B40000000000000000000002 /* Mac */,
				B40000000000000000000005 /* modernerKrieg C */,
				B40000000000000000000003 /* Products */,
			);
			sourceTree = "<group>";
		};
		B40000000000000000000002 /* Mac */ = {
			isa = PBXGroup;
				children = (
					B20000000000000000000001 /* MosulApp.swift */,
					B20000000000000000000016 /* MosulVersion.swift */,
					B20000000000000000000002 /* ContentView.swift */,
					B20000000000000000000003 /* MosulGameModel.swift */,
				B20000000000000000000020 /* MosulAudioTypes.swift */,
				B20000000000000000000019 /* MosulAudioController.swift */,
				B20000000000000000000004 /* TacticalMapView.swift */,
				B20000000000000000000018 /* MosulSpriteManifest.swift */,
				B20000000000000000000017 /* SnapshotController.swift */,
				B20000000000000000000005 /* MosulEngineBridge.c */,
				B20000000000000000000006 /* MosulEngineBridge.h */,
				B20000000000000000000007 /* Mosul-Bridging-Header.h */,
				B20000000000000000000015 /* Mac README.md */,
			);
			name = Mac;
			sourceTree = "<group>";
		};
		B40000000000000000000003 /* Products */ = {
			isa = PBXGroup;
			children = (
				B20000000000000000000099 /* MosulGame.app */,
			);
			name = Products;
			sourceTree = "<group>";
		};
		B40000000000000000000005 /* modernerKrieg C */ = {
			isa = PBXGroup;
			children = (
				B20000000000000000000008 /* mk_core.c */,
				B20000000000000000000009 /* mk_log.c */,
				B20000000000000000000010 /* mk_asset_manifest.c */,
				B20000000000000000000011 /* mk_ai.c */,
				B20000000000000000000012 /* mk_board_view.c */,
				B20000000000000000000013 /* mk_mosul_demo.c */,
				B20000000000000000000014 /* mk_mosul_scenario_data.c */,
			);
			name = "modernerKrieg C";
			sourceTree = "<group>";
		};
/* End PBXGroup section */

/* Begin PBXNativeTarget section */
		B50000000000000000000001 /* MosulGame */ = {
			isa = PBXNativeTarget;
			buildConfigurationList = B90000000000000000000003 /* Build configuration list for PBXNativeTarget "MosulGame" */;
			buildPhases = (
				B60000000000000000000001 /* Sources */,
				B60000000000000000000002 /* Frameworks */,
				B60000000000000000000003 /* Resources */,
				B60000000000000000000004 /* Copy Mosul Runtime Resources */,
			);
			buildRules = (
			);
			dependencies = (
			);
			name = MosulGame;
			productName = MosulGame;
			productReference = B20000000000000000000099 /* MosulGame.app */;
			productType = "com.apple.product-type.application";
		};
/* End PBXNativeTarget section */

/* Begin PBXProject section */
		B70000000000000000000001 /* Project object */ = {
			isa = PBXProject;
			attributes = {
				BuildIndependentTargetsInParallel = 1;
				LastSwiftUpdateCheck = 1600;
				LastUpgradeCheck = 1600;
				TargetAttributes = {
					B50000000000000000000001 = {
						CreatedOnToolsVersion = 16.0;
					};
				};
			};
			buildConfigurationList = B90000000000000000000001 /* Build configuration list for PBXProject "MosulGame" */;
			compatibilityVersion = "Xcode 14.0";
			developmentRegion = en;
			hasScannedForEncodings = 0;
			knownRegions = (
				en,
				Base,
			);
			mainGroup = B40000000000000000000001;
			productRefGroup = B40000000000000000000003 /* Products */;
			projectDirPath = "";
			projectRoot = "";
			targets = (
				B50000000000000000000001 /* MosulGame */,
			);
		};
/* End PBXProject section */

/* Begin PBXResourcesBuildPhase section */
		B60000000000000000000003 /* Resources */ = {
			isa = PBXResourcesBuildPhase;
			buildActionMask = 2147483647;
			files = (
			);
			runOnlyForDeploymentPostprocessing = 0;
		};
/* End PBXResourcesBuildPhase section */

/* Begin PBXShellScriptBuildPhase section */
		B60000000000000000000004 /* Copy Mosul Runtime Resources */ = {
			isa = PBXShellScriptBuildPhase;
			alwaysOutOfDate = 1;
			buildActionMask = 2147483647;
			files = (
			);
			inputFileListPaths = (
			);
			inputPaths = (
				"$(SRCROOT)/release/mosulgame_runtime_resources.json",
				"$(SRCROOT)/scripts/check_mosulgame_runtime_resources.py",
				"$(SRCROOT)/scripts/copy_mosulgame_runtime_resources.py",
			);
			name = "Copy Mosul Runtime Resources";
			outputFileListPaths = (
			);
			outputPaths = (
				"$(TARGET_BUILD_DIR)/$(UNLOCALIZED_RESOURCES_FOLDER_PATH)/mosul-runtime/.mosul-runtime-resources.stamp",
			);
			runOnlyForDeploymentPostprocessing = 0;
			shellPath = /bin/sh;
			shellScript = "PYTHONDONTWRITEBYTECODE=1 python3 \"$SRCROOT/scripts/copy_mosulgame_runtime_resources.py\" \"$TARGET_BUILD_DIR/$UNLOCALIZED_RESOURCES_FOLDER_PATH/mosul-runtime\"\n";
		};
/* End PBXShellScriptBuildPhase section */

/* Begin PBXSourcesBuildPhase section */
		B60000000000000000000001 /* Sources */ = {
			isa = PBXSourcesBuildPhase;
			buildActionMask = 2147483647;
			files = (
					B10000000000000000000001 /* MosulApp.swift in Sources */,
					B10000000000000000000013 /* MosulVersion.swift in Sources */,
					B10000000000000000000002 /* ContentView.swift in Sources */,
				B10000000000000000000003 /* MosulGameModel.swift in Sources */,
				B10000000000000000000017 /* MosulAudioTypes.swift in Sources */,
				B10000000000000000000016 /* MosulAudioController.swift in Sources */,
				B10000000000000000000004 /* TacticalMapView.swift in Sources */,
				B10000000000000000000015 /* MosulSpriteManifest.swift in Sources */,
				B10000000000000000000014 /* SnapshotController.swift in Sources */,
				B10000000000000000000005 /* MosulEngineBridge.c in Sources */,
				B10000000000000000000006 /* mk_core.c in Sources */,
				B10000000000000000000007 /* mk_log.c in Sources */,
				B10000000000000000000008 /* mk_asset_manifest.c in Sources */,
				B10000000000000000000009 /* mk_ai.c in Sources */,
				B10000000000000000000010 /* mk_board_view.c in Sources */,
				B10000000000000000000011 /* mk_mosul_demo.c in Sources */,
				B10000000000000000000012 /* mk_mosul_scenario_data.c in Sources */,
			);
			runOnlyForDeploymentPostprocessing = 0;
		};
/* End PBXSourcesBuildPhase section */

/* Begin PBXFrameworksBuildPhase section */
		B60000000000000000000002 /* Frameworks */ = {
			isa = PBXFrameworksBuildPhase;
			buildActionMask = 2147483647;
			files = (
			);
			runOnlyForDeploymentPostprocessing = 0;
		};
/* End PBXFrameworksBuildPhase section */

/* Begin XCBuildConfiguration section */
		B80000000000000000000001 /* Debug */ = {
			isa = XCBuildConfiguration;
			buildSettings = {
				ALWAYS_SEARCH_USER_PATHS = NO;
				CLANG_ANALYZER_NONNULL = YES;
				CLANG_ANALYZER_NUMBER_OBJECT_CONVERSION = YES_AGGRESSIVE;
				CLANG_CXX_LANGUAGE_STANDARD = "gnu++20";
				CLANG_ENABLE_MODULES = YES;
				CLANG_ENABLE_OBJC_ARC = YES;
				CLANG_WARN_BLOCK_CAPTURE_AUTORELEASING = YES;
				CLANG_WARN_BOOL_CONVERSION = YES;
				CLANG_WARN_COMMA = YES;
				CLANG_WARN_CONSTANT_CONVERSION = YES;
				CLANG_WARN_DEPRECATED_OBJC_IMPLEMENTATIONS = YES;
				CLANG_WARN_DIRECT_OBJC_ISA_USAGE = YES_ERROR;
				CLANG_WARN_DOCUMENTATION_COMMENTS = YES;
				CLANG_WARN_EMPTY_BODY = YES;
				CLANG_WARN_ENUM_CONVERSION = YES;
				CLANG_WARN_INFINITE_RECURSION = YES;
				CLANG_WARN_INT_CONVERSION = YES;
				CLANG_WARN_NON_LITERAL_NULL_CONVERSION = YES;
				CLANG_WARN_OBJC_IMPLICIT_RETAIN_SELF = YES;
				CLANG_WARN_OBJC_LITERAL_CONVERSION = YES;
				CLANG_WARN_OBJC_ROOT_CLASS = YES_ERROR;
				CLANG_WARN_QUOTED_INCLUDE_IN_FRAMEWORK_HEADER = YES;
				CLANG_WARN_RANGE_LOOP_ANALYSIS = YES;
				CLANG_WARN_STRICT_PROTOTYPES = YES;
				CLANG_WARN_SUSPICIOUS_MOVE = YES;
				CLANG_WARN_UNGUARDED_AVAILABILITY = YES_AGGRESSIVE;
				CLANG_WARN_UNREACHABLE_CODE = YES;
				CLANG_WARN__DUPLICATE_METHOD_MATCH = YES;
				COPY_PHASE_STRIP = NO;
				DEBUG_INFORMATION_FORMAT = dwarf;
				ENABLE_STRICT_OBJC_MSGSEND = YES;
				ENABLE_TESTABILITY = YES;
				ENABLE_USER_SCRIPT_SANDBOXING = YES;
				GCC_C_LANGUAGE_STANDARD = c99;
				GCC_DYNAMIC_NO_PIC = NO;
				GCC_NO_COMMON_BLOCKS = YES;
				GCC_OPTIMIZATION_LEVEL = 0;
				GCC_PREPROCESSOR_DEFINITIONS = (
					"DEBUG=1",
					"$(inherited)",
				);
				GCC_WARN_64_TO_32_BIT_CONVERSION = YES;
				GCC_WARN_ABOUT_RETURN_TYPE = YES_ERROR;
				GCC_WARN_UNDECLARED_SELECTOR = YES;
				GCC_WARN_UNINITIALIZED_AUTOS = YES_AGGRESSIVE;
				GCC_WARN_UNUSED_FUNCTION = YES;
				GCC_WARN_UNUSED_VARIABLE = YES;
				MACOSX_DEPLOYMENT_TARGET = 14.0;
				MTL_ENABLE_DEBUG_INFO = INCLUDE_SOURCE;
				ONLY_ACTIVE_ARCH = YES;
				SDKROOT = macosx;
				SWIFT_ACTIVE_COMPILATION_CONDITIONS = DEBUG;
				SWIFT_OPTIMIZATION_LEVEL = "-Onone";
			};
			name = Debug;
		};
		B80000000000000000000002 /* Release */ = {
			isa = XCBuildConfiguration;
			buildSettings = {
				ALWAYS_SEARCH_USER_PATHS = NO;
				CLANG_ANALYZER_NONNULL = YES;
				CLANG_ANALYZER_NUMBER_OBJECT_CONVERSION = YES_AGGRESSIVE;
				CLANG_CXX_LANGUAGE_STANDARD = "gnu++20";
				CLANG_ENABLE_MODULES = YES;
				CLANG_ENABLE_OBJC_ARC = YES;
				CLANG_WARN_BLOCK_CAPTURE_AUTORELEASING = YES;
				CLANG_WARN_BOOL_CONVERSION = YES;
				CLANG_WARN_COMMA = YES;
				CLANG_WARN_CONSTANT_CONVERSION = YES;
				CLANG_WARN_DEPRECATED_OBJC_IMPLEMENTATIONS = YES;
				CLANG_WARN_DIRECT_OBJC_ISA_USAGE = YES_ERROR;
				CLANG_WARN_DOCUMENTATION_COMMENTS = YES;
				CLANG_WARN_EMPTY_BODY = YES;
				CLANG_WARN_ENUM_CONVERSION = YES;
				CLANG_WARN_INFINITE_RECURSION = YES;
				CLANG_WARN_INT_CONVERSION = YES;
				CLANG_WARN_NON_LITERAL_NULL_CONVERSION = YES;
				CLANG_WARN_OBJC_IMPLICIT_RETAIN_SELF = YES;
				CLANG_WARN_OBJC_LITERAL_CONVERSION = YES;
				CLANG_WARN_OBJC_ROOT_CLASS = YES_ERROR;
				CLANG_WARN_QUOTED_INCLUDE_IN_FRAMEWORK_HEADER = YES;
				CLANG_WARN_RANGE_LOOP_ANALYSIS = YES;
				CLANG_WARN_STRICT_PROTOTYPES = YES;
				CLANG_WARN_SUSPICIOUS_MOVE = YES;
				CLANG_WARN_UNGUARDED_AVAILABILITY = YES_AGGRESSIVE;
				CLANG_WARN_UNREACHABLE_CODE = YES;
				CLANG_WARN__DUPLICATE_METHOD_MATCH = YES;
				COPY_PHASE_STRIP = NO;
				DEBUG_INFORMATION_FORMAT = "dwarf-with-dsym";
				ENABLE_NS_ASSERTIONS = NO;
				ENABLE_STRICT_OBJC_MSGSEND = YES;
				ENABLE_USER_SCRIPT_SANDBOXING = YES;
				GCC_C_LANGUAGE_STANDARD = c99;
				GCC_NO_COMMON_BLOCKS = YES;
				GCC_WARN_64_TO_32_BIT_CONVERSION = YES;
				GCC_WARN_ABOUT_RETURN_TYPE = YES_ERROR;
				GCC_WARN_UNDECLARED_SELECTOR = YES;
				GCC_WARN_UNINITIALIZED_AUTOS = YES_AGGRESSIVE;
				GCC_WARN_UNUSED_FUNCTION = YES;
				GCC_WARN_UNUSED_VARIABLE = YES;
				MACOSX_DEPLOYMENT_TARGET = 14.0;
				MTL_ENABLE_DEBUG_INFO = NO;
				SDKROOT = macosx;
				SWIFT_COMPILATION_MODE = wholemodule;
				VALIDATE_PRODUCT = YES;
			};
			name = Release;
		};
		B80000000000000000000003 /* Debug */ = {
			isa = XCBuildConfiguration;
			buildSettings = {
					CODE_SIGNING_ALLOWED = NO;
					CODE_SIGN_STYLE = Automatic;
					COMBINE_HIDPI_IMAGES = YES;
					CURRENT_PROJECT_VERSION = 1;
					ENABLE_USER_SCRIPT_SANDBOXING = NO;
					GENERATE_INFOPLIST_FILE = YES;
				HEADER_SEARCH_PATHS = (
					"$(SRCROOT)/Mac/Mosul/Bridge",
					"$(SRCROOT)/modernerKrieg/engine/core/include",
					"$(SRCROOT)/modernerKrieg/engine/assets/include",
					"$(SRCROOT)/modernerKrieg/engine/ai/include",
					"$(SRCROOT)/modernerKrieg/engine/render/include",
					"$(SRCROOT)/modernerKrieg/game/mosul/include",
				);
				INFOPLIST_KEY_CFBundleDisplayName = MosulGame;
				INFOPLIST_KEY_LSApplicationCategoryType = "public.app-category.games";
				INFOPLIST_KEY_NSHumanReadableCopyright = "Copyright © 2026 Tom Barbalet";
				LD_RUNPATH_SEARCH_PATHS = (
					"$(inherited)",
					"@executable_path/../Frameworks",
				);
				MACOSX_DEPLOYMENT_TARGET = 14.0;
				MARKETING_VERSION = 0.1;
				PRODUCT_BUNDLE_IDENTIFIER = com.barbalet.mosulgame;
				PRODUCT_NAME = "$(TARGET_NAME)";
				SDKROOT = macosx;
				SWIFT_OBJC_BRIDGING_HEADER = "Mac/Mosul/Bridge/Mosul-Bridging-Header.h";
				SWIFT_VERSION = 5.0;
			};
			name = Debug;
		};
		B80000000000000000000004 /* Release */ = {
			isa = XCBuildConfiguration;
			buildSettings = {
					CODE_SIGNING_ALLOWED = NO;
					CODE_SIGN_STYLE = Automatic;
					COMBINE_HIDPI_IMAGES = YES;
					CURRENT_PROJECT_VERSION = 1;
					ENABLE_USER_SCRIPT_SANDBOXING = NO;
					GENERATE_INFOPLIST_FILE = YES;
				HEADER_SEARCH_PATHS = (
					"$(SRCROOT)/Mac/Mosul/Bridge",
					"$(SRCROOT)/modernerKrieg/engine/core/include",
					"$(SRCROOT)/modernerKrieg/engine/assets/include",
					"$(SRCROOT)/modernerKrieg/engine/ai/include",
					"$(SRCROOT)/modernerKrieg/engine/render/include",
					"$(SRCROOT)/modernerKrieg/game/mosul/include",
				);
				INFOPLIST_KEY_CFBundleDisplayName = MosulGame;
				INFOPLIST_KEY_LSApplicationCategoryType = "public.app-category.games";
				INFOPLIST_KEY_NSHumanReadableCopyright = "Copyright © 2026 Tom Barbalet";
				LD_RUNPATH_SEARCH_PATHS = (
					"$(inherited)",
					"@executable_path/../Frameworks",
				);
				MACOSX_DEPLOYMENT_TARGET = 14.0;
				MARKETING_VERSION = 0.1;
				PRODUCT_BUNDLE_IDENTIFIER = com.barbalet.mosulgame;
				PRODUCT_NAME = "$(TARGET_NAME)";
				SDKROOT = macosx;
				SWIFT_OBJC_BRIDGING_HEADER = "Mac/Mosul/Bridge/Mosul-Bridging-Header.h";
				SWIFT_VERSION = 5.0;
			};
			name = Release;
		};
/* End XCBuildConfiguration section */

/* Begin XCConfigurationList section */
		B90000000000000000000001 /* Build configuration list for PBXProject "MosulGame" */ = {
			isa = XCConfigurationList;
			buildConfigurations = (
				B80000000000000000000001 /* Debug */,
				B80000000000000000000002 /* Release */,
			);
			defaultConfigurationIsVisible = 0;
			defaultConfigurationName = Release;
		};
		B90000000000000000000003 /* Build configuration list for PBXNativeTarget "MosulGame" */ = {
			isa = XCConfigurationList;
			buildConfigurations = (
				B80000000000000000000003 /* Debug */,
				B80000000000000000000004 /* Release */,
			);
			defaultConfigurationIsVisible = 0;
			defaultConfigurationName = Release;
		};
/* End XCConfigurationList section */
	};
	rootObject = B70000000000000000000001 /* Project object */;
}
